# This file is autogenerated, do not edit; changes may be undone by the next 'dep ensure'.


[[projects]]
  branch = "master"
  name = "github.com/tamalsaha/go-a"
  packages = ["lib"]
  revision = "be9c53d1d25a8545063cef7bd7e851c9388d1111"

[solve-meta]
  analyzer-name = "dep"
  analyzer-version = 1
  inputs-digest = "277ae0fe80ac75233366b21d092ca5746843c05350c3376b7ed1b1859db91d40"
  solver-name = "gps-cdcl"
  solver-version = 1
